// !$*UTF8*$!
{
	archiveVersion = 1;
	classes = {
	};
	objectVersion = 46;
	objects = {

/* Begin PBXBuildFile section */
		EA1F2FE81D01DEED002EE4D4 /* GLFaceDetector.mm in Sources */ = {isa = PBXBuildFile; fileRef = EA1F2FE51D01DEED002EE4D4 /* GLFaceDetector.mm */; };
		EA1F2FE91D01DEED002EE4D4 /* GLFaceRecognizer.mm in Sources */ = {isa = PBXBuildFile; fileRef = EA1F2FE71D01DEED002EE4D4 /* GLFaceRecognizer.mm */; };
		EA1F2FEB1D04016D002EE4D4 /* jhtx.jpg in Resources */ = {isa = PBXBuildFile; fileRef = EA1F2FEA1D04016D002EE4D4 /* jhtx.jpg */; };
		EA1F2FF11D0408D2002EE4D4 /* UIImage+Smoothing.mm in Sources */ = {isa = PBXBuildFile; fileRef = EA1F2FF01D0408D2002EE4D4 /* UIImage+Smoothing.mm */; };
		EA1F2FF41D040923002EE4D4 /* UIImage+MatOperate.mm in Sources */ = {isa = PBXBuildFile; fileRef = EA1F2FF31D040923002EE4D4 /* UIImage+MatOperate.mm */; };
		EA1F2FF71D0409AB002EE4D4 /* UIImage+Morphology.mm in Sources */ = {isa = PBXBuildFile; fileRef = EA1F2FF61D0409AB002EE4D4 /* UIImage+Morphology.mm */; };
		EA1F2FFA1D040A34002EE4D4 /* UIImage+Threshold.mm in Sources */ = {isa = PBXBuildFile; fileRef = EA1F2FF91D040A34002EE4D4 /* UIImage+Threshold.mm */; };
		EA380D7A1D05622900478A41 /* great.jpg in Resources */ = {isa = PBXBuildFile; fileRef = EA380D791D05622900478A41 /* great.jpg */; };
		EA380D7C1D0588DB00478A41 /* Histogram_Equalization.jpg in Resources */ = {isa = PBXBuildFile; fileRef = EA380D7B1D0588DB00478A41 /* Histogram_Equalization.jpg */; };
		EA380D7E1D0599BE00478A41 /* opencv2.framework in Frameworks */ = {isa = PBXBuildFile; fileRef = EA380D7D1D0599BE00478A41 /* opencv2.framework */; };
		EA380D851D069E3A00478A41 /* GLFaceAnimator.mm in Sources */ = {isa = PBXBuildFile; fileRef = EA380D841D069E3A00478A41 /* GLFaceAnimator.mm */; };
		EAC873921D01BBFB00021405 /* Accelerate.framework in Frameworks */ = {isa = PBXBuildFile; fileRef = EAC873911D01BBFB00021405 /* Accelerate.framework */; };
		EAC873941D01BC0300021405 /* AssetsLibrary.framework in Frameworks */ = {isa = PBXBuildFile; fileRef = EAC873931D01BC0300021405 /* AssetsLibrary.framework */; };
		EAC873961D01BC0B00021405 /* AVFoundation.framework in Frameworks */ = {isa = PBXBuildFile; fileRef = EAC873951D01BC0B00021405 /* AVFoundation.framework */; };
		EAC873981D01BC1600021405 /* CoreGraphics.framework in Frameworks */ = {isa = PBXBuildFile; fileRef = EAC873971D01BC1600021405 /* CoreGraphics.framework */; };
		EAC8739A1D01BC2200021405 /* CoreImage.framework in Frameworks */ = {isa = PBXBuildFile; fileRef = EAC873991D01BC2200021405 /* CoreImage.framework */; };
		EAC8739C1D01BC2900021405 /* CoreMedia.framework in Frameworks */ = {isa = PBXBuildFile; fileRef = EAC8739B1D01BC2900021405 /* CoreMedia.framework */; };
		EAC8739E1D01BC3400021405 /* CoreVideo.framework in Frameworks */ = {isa = PBXBuildFile; fileRef = EAC8739D1D01BC3400021405 /* CoreVideo.framework */; };
		EAC873A01D01BC3B00021405 /* QuartzCore.framework in Frameworks */ = {isa = PBXBuildFile; fileRef = EAC8739F1D01BC3B00021405 /* QuartzCore.framework */; };
		EAC873A21D01BC4200021405 /* UIKit.framework in Frameworks */ = {isa = PBXBuildFile; fileRef = EAC873A11D01BC4200021405 /* UIKit.framework */; };
		EAC873A41D01BC4700021405 /* Foundation.framework in Frameworks */ = {isa = PBXBuildFile; fileRef = EAC873A31D01BC4700021405 /* Foundation.framework */; };
		EAD5ACC31CF2A8E3001F89E8 /* main.m in Sources */ = {isa = PBXBuildFile; fileRef = EAD5ACC21CF2A8E3001F89E8 /* main.m */; };
		EAD5ACC61CF2A8E3001F89E8 /* AppDelegate.m in Sources */ = {isa = PBXBuildFile; fileRef = EAD5ACC51CF2A8E3001F89E8 /* AppDelegate.m */; };
		EAD5ACC91CF2A8E3001F89E8 /* ViewController.m in Sources */ = {isa = PBXBuildFile; fileRef = EAD5ACC81CF2A8E3001F89E8 /* ViewController.m */; };
		EAD5ACCC1CF2A8E3001F89E8 /* Main.storyboard in Resources */ = {isa = PBXBuildFile; fileRef = EAD5ACCA1CF2A8E3001F89E8 /* Main.storyboard */; };
		EAD5ACCE1CF2A8E3001F89E8 /* Assets.xcassets in Resources */ = {isa = PBXBuildFile; fileRef = EAD5ACCD1CF2A8E3001F89E8 /* Assets.xcassets */; };
		EAD5ACD11CF2A8E3001F89E8 /* LaunchScreen.storyboard in Resources */ = {isa = PBXBuildFile; fileRef = EAD5ACCF1CF2A8E3001F89E8 /* LaunchScreen.storyboard */; };
		EAD5ACDC1CF2A8E3001F89E8 /* DImageFilterTests.m in Sources */ = {isa = PBXBuildFile; fileRef = EAD5ACDB1CF2A8E3001F89E8 /* DImageFilterTests.m */; };
		EAD5AD051CF2AC56001F89E8 /* lena.jpg in Resources */ = {isa = PBXBuildFile; fileRef = EAD5AD041CF2AC56001F89E8 /* lena.jpg */; };
		EAD5AD081CF2ACAC001F89E8 /* GLDemoListVC.m in Sources */ = {isa = PBXBuildFile; fileRef = EAD5AD071CF2ACAC001F89E8 /* GLDemoListVC.m */; };
		EAD5AD291CF2D45D001F89E8 /* MASCompositeConstraint.m in Sources */ = {isa = PBXBuildFile; fileRef = EAD5AD111CF2D45D001F89E8 /* MASCompositeConstraint.m */; };
		EAD5AD2A1CF2D45D001F89E8 /* MASConstraint.m in Sources */ = {isa = PBXBuildFile; fileRef = EAD5AD141CF2D45D001F89E8 /* MASConstraint.m */; };
		EAD5AD2B1CF2D45D001F89E8 /* MASConstraintMaker.m in Sources */ = {isa = PBXBuildFile; fileRef = EAD5AD161CF2D45D001F89E8 /* MASConstraintMaker.m */; };
		EAD5AD2C1CF2D45D001F89E8 /* MASLayoutConstraint.m in Sources */ = {isa = PBXBuildFile; fileRef = EAD5AD181CF2D45D001F89E8 /* MASLayoutConstraint.m */; };
		EAD5AD2D1CF2D45D001F89E8 /* MASViewAttribute.m in Sources */ = {isa = PBXBuildFile; fileRef = EAD5AD1C1CF2D45D001F89E8 /* MASViewAttribute.m */; };
		EAD5AD2E1CF2D45D001F89E8 /* MASViewConstraint.m in Sources */ = {isa = PBXBuildFile; fileRef = EAD5AD1E1CF2D45D001F89E8 /* MASViewConstraint.m */; };
		EAD5AD2F1CF2D45D001F89E8 /* NSArray+MASAdditions.m in Sources */ = {isa = PBXBuildFile; fileRef = EAD5AD201CF2D45D001F89E8 /* NSArray+MASAdditions.m */; };
		EAD5AD301CF2D45D001F89E8 /* NSLayoutConstraint+MASDebugAdditions.m in Sources */ = {isa = PBXBuildFile; fileRef = EAD5AD231CF2D45D001F89E8 /* NSLayoutConstraint+MASDebugAdditions.m */; };
		EAD5AD311CF2D45D001F89E8 /* View+MASAdditions.m in Sources */ = {isa = PBXBuildFile; fileRef = EAD5AD251CF2D45D001F89E8 /* View+MASAdditions.m */; };
		EAD5AD321CF2D45D001F89E8 /* ViewController+MASAdditions.m in Sources */ = {isa = PBXBuildFile; fileRef = EAD5AD281CF2D45D001F89E8 /* ViewController+MASAdditions.m */; };
		EAD5AD381CF2EC67001F89E8 /* GLShowVC.mm in Sources */ = {isa = PBXBuildFile; fileRef = EAD5AD361CF2EC67001F89E8 /* GLShowVC.mm */; };
		EAD5AD391CF2EC67001F89E8 /* GLShowVC.xib in Resources */ = {isa = PBXBuildFile; fileRef = EAD5AD371CF2EC67001F89E8 /* GLShowVC.xib */; };
		EAD5AD3F1CF43DC5001F89E8 /* GLMorphologyVC.mm in Sources */ = {isa = PBXBuildFile; fileRef = EAD5AD3D1CF43DC5001F89E8 /* GLMorphologyVC.mm */; };
		EAD5AD401CF43DC5001F89E8 /* GLMorphologyVC.xib in Resources */ = {isa = PBXBuildFile; fileRef = EAD5AD3E1CF43DC5001F89E8 /* GLMorphologyVC.xib */; };
		EAD5AD9A1CF698D1001F89E8 /* UIImage+FaceRecognizer.mm in Sources */ = {isa = PBXBuildFile; fileRef = EAD5AD991CF698D1001F89E8 /* UIImage+FaceRecognizer.mm */; };
		EADFAA7D1CFC1DAB007F9307 /* haarcascade_eye_tree_eyeglasses.xml in Resources */ = {isa = PBXBuildFile; fileRef = EADFAA7A1CFC1DAB007F9307 /* haarcascade_eye_tree_eyeglasses.xml */; };
		EADFAA7E1CFC1DAB007F9307 /* haarcascade_frontalface_alt.xml in Resources */ = {isa = PBXBuildFile; fileRef = EADFAA7B1CFC1DAB007F9307 /* haarcascade_frontalface_alt.xml */; };
		EADFAA7F1CFC1DAB007F9307 /* haarcascade_frontalface_alt2.xml in Resources */ = {isa = PBXBuildFile; fileRef = EADFAA7C1CFC1DAB007F9307 /* haarcascade_frontalface_alt2.xml */; };
		EADFAA811CFC22F9007F9307 /* circle.jpg in Resources */ = {isa = PBXBuildFile; fileRef = EADFAA801CFC22F9007F9307 /* circle.jpg */; };
		EADFAA851CFD65FA007F9307 /* GLConventViewController.mm in Sources */ = {isa = PBXBuildFile; fileRef = EADFAA831CFD65FA007F9307 /* GLConventViewController.mm */; };
		EADFAA861CFD65FA007F9307 /* GLConventViewController.xib in Resources */ = {isa = PBXBuildFile; fileRef = EADFAA841CFD65FA007F9307 /* GLConventViewController.xib */; };
		EAFADD571CFEAF1B005541B4 /* glasses.png in Resources */ = {isa = PBXBuildFile; fileRef = EAFADD551CFEAF1B005541B4 /* glasses.png */; };
		EAFADD581CFEAF1B005541B4 /* mustache.png in Resources */ = {isa = PBXBuildFile; fileRef = EAFADD561CFEAF1B005541B4 /* mustache.png */; };
		EAFADD5A1CFEAF36005541B4 /* haarcascade_mcs_mouth.xml in Resources */ = {isa = PBXBuildFile; fileRef = EAFADD591CFEAF36005541B4 /* haarcascade_mcs_mouth.xml */; };
		EAFADD5C1CFEAF3E005541B4 /* haarcascade_mcs_eyepair_big.xml in Resources */ = {isa = PBXBuildFile; fileRef = EAFADD5B1CFEAF3E005541B4 /* haarcascade_mcs_eyepair_big.xml */; };
		FE3DCF291D09591100A8C41F /* GLMainTableVC.m in Sources */ = {isa = PBXBuildFile; fileRef = FE3DCF281D09591100A8C41F /* GLMainTableVC.m */; };
		FE51A7C61D093711000AF574 /* GLImageOperate.mm in Sources */ = {isa = PBXBuildFile; fileRef = FE51A7C51D093711000AF574 /* GLImageOperate.mm */; };
/* End PBXBuildFile section */

/* Begin PBXContainerItemProxy section */
		EAD5ACD81CF2A8E3001F89E8 /* PBXContainerItemProxy */ = {
			isa = PBXContainerItemProxy;
			containerPortal = EAD5ACB61CF2A8E3001F89E8 /* Project object */;
			proxyType = 1;
			remoteGlobalIDString = EAD5ACBD1CF2A8E3001F89E8;
			remoteInfo = DImageFilter;
		};
/* End PBXContainerItemProxy section */

/* Begin PBXFileReference section */
		EA1F2FE41D01DEED002EE4D4 /* GLFaceDetector.h */ = {isa = PBXFileReference; fileEncoding = 4; lastKnownFileType = sourcecode.c.h; path = GLFaceDetector.h; sourceTree = "<group>"; };
		EA1F2FE51D01DEED002EE4D4 /* GLFaceDetector.mm */ = {isa = PBXFileReference; fileEncoding = 4; lastKnownFileType = sourcecode.cpp.objcpp; path = GLFaceDetector.mm; sourceTree = "<group>"; };
		EA1F2FE61D01DEED002EE4D4 /* GLFaceRecognizer.h */ = {isa = PBXFileReference; fileEncoding = 4; lastKnownFileType = sourcecode.c.h; path = GLFaceRecognizer.h; sourceTree = "<group>"; };
		EA1F2FE71D01DEED002EE4D4 /* GLFaceRecognizer.mm */ = {isa = PBXFileReference; fileEncoding = 4; lastKnownFileType = sourcecode.cpp.objcpp; path = GLFaceRecognizer.mm; sourceTree = "<group>"; };
		EA1F2FEA1D04016D002EE4D4 /* jhtx.jpg */ = {isa = PBXFileReference; lastKnownFileType = image.jpeg; path = jhtx.jpg; sourceTree = "<group>"; };
		EA1F2FEF1D0408D2002EE4D4 /* UIImage+Smoothing.h */ = {isa = PBXFileReference; fileEncoding = 4; lastKnownFileType = sourcecode.c.h; path = "UIImage+Smoothing.h"; sourceTree = "<group>"; };
		EA1F2FF01D0408D2002EE4D4 /* UIImage+Smoothing.mm */ = {isa = PBXFileReference; fileEncoding = 4; lastKnownFileType = sourcecode.cpp.objcpp; path = "UIImage+Smoothing.mm"; sourceTree = "<group>"; };
		EA1F2FF21D040923002EE4D4 /* UIImage+MatOperate.h */ = {isa = PBXFileReference; fileEncoding = 4; lastKnownFileType = sourcecode.c.h; path = "UIImage+MatOperate.h"; sourceTree = "<group>"; };
		EA1F2FF31D040923002EE4D4 /* UIImage+MatOperate.mm */ = {isa = PBXFileReference; fileEncoding = 4; lastKnownFileType = sourcecode.cpp.objcpp; path = "UIImage+MatOperate.mm"; sourceTree = "<group>"; };
		EA1F2FF51D0409AB002EE4D4 /* UIImage+Morphology.h */ = {isa = PBXFileReference; fileEncoding = 4; lastKnownFileType = sourcecode.c.h; path = "UIImage+Morphology.h"; sourceTree = "<group>"; };
		EA1F2FF61D0409AB002EE4D4 /* UIImage+Morphology.mm */ = {isa = PBXFileReference; fileEncoding = 4; lastKnownFileType = sourcecode.cpp.objcpp; path = "UIImage+Morphology.mm"; sourceTree = "<group>"; };
		EA1F2FF81D040A34002EE4D4 /* UIImage+Threshold.h */ = {isa = PBXFileReference; fileEncoding = 4; lastKnownFileType = sourcecode.c.h; path = "UIImage+Threshold.h"; sourceTree = "<group>"; };
		EA1F2FF91D040A34002EE4D4 /* UIImage+Threshold.mm */ = {isa = PBXFileReference; fileEncoding = 4; lastKnownFileType = sourcecode.cpp.objcpp; path = "UIImage+Threshold.mm"; sourceTree = "<group>"; };
		EA1F2FFB1D040A87002EE4D4 /* UIImage+OpenCV.h */ = {isa = PBXFileReference; lastKnownFileType = sourcecode.c.h; path = "UIImage+OpenCV.h"; sourceTree = "<group>"; };
		EA380D791D05622900478A41 /* great.jpg */ = {isa = PBXFileReference; lastKnownFileType = image.jpeg; path = great.jpg; sourceTree = "<group>"; };
		EA380D7B1D0588DB00478A41 /* Histogram_Equalization.jpg */ = {isa = PBXFileReference; lastKnownFileType = image.jpeg; path = Histogram_Equalization.jpg; sourceTree = "<group>"; };
		EA380D7D1D0599BE00478A41 /* opencv2.framework */ = {isa = PBXFileReference; lastKnownFileType = wrapper.framework; path = opencv2.framework; sourceTree = "<group>"; };
		EA380D831D069E3A00478A41 /* GLFaceAnimator.h */ = {isa = PBXFileReference; fileEncoding = 4; lastKnownFileType = sourcecode.c.h; path = GLFaceAnimator.h; sourceTree = "<group>"; };
		EA380D841D069E3A00478A41 /* GLFaceAnimator.mm */ = {isa = PBXFileReference; fileEncoding = 4; lastKnownFileType = sourcecode.cpp.objcpp; path = GLFaceAnimator.mm; sourceTree = "<group>"; };
		EAC873911D01BBFB00021405 /* Accelerate.framework */ = {isa = PBXFileReference; lastKnownFileType = wrapper.framework; name = Accelerate.framework; path = System/Library/Frameworks/Accelerate.framework; sourceTree = SDKROOT; };
		EAC873931D01BC0300021405 /* AssetsLibrary.framework */ = {isa = PBXFileReference; lastKnownFileType = wrapper.framework; name = AssetsLibrary.framework; path = System/Library/Frameworks/AssetsLibrary.framework; sourceTree = SDKROOT; };
		EAC873951D01BC0B00021405 /* AVFoundation.framework */ = {isa = PBXFileReference; lastKnownFileType = wrapper.framework; name = AVFoundation.framework; path = System/Library/Frameworks/AVFoundation.framework; sourceTree = SDKROOT; };
		EAC873971D01BC1600021405 /* CoreGraphics.framework */ = {isa = PBXFileReference; lastKnownFileType = wrapper.framework; name = CoreGraphics.framework; path = System/Library/Frameworks/CoreGraphics.framework; sourceTree = SDKROOT; };
		EAC873991D01BC2200021405 /* CoreImage.framework */ = {isa = PBXFileReference; lastKnownFileType = wrapper.framework; name = CoreImage.framework; path = System/Library/Frameworks/CoreImage.framework; sourceTree = SDKROOT; };
		EAC8739B1D01BC2900021405 /* CoreMedia.framework */ = {isa = PBXFileReference; lastKnownFileType = wrapper.framework; name = CoreMedia.framework; path = System/Library/Frameworks/CoreMedia.framework; sourceTree = SDKROOT; };
		EAC8739D1D01BC3400021405 /* CoreVideo.framework */ = {isa = PBXFileReference; lastKnownFileType = wrapper.framework; name = CoreVideo.framework; path = System/Library/Frameworks/CoreVideo.framework; sourceTree = SDKROOT; };
		EAC8739F1D01BC3B00021405 /* QuartzCore.framework */ = {isa = PBXFileReference; lastKnownFileType = wrapper.framework; name = QuartzCore.framework; path = System/Library/Frameworks/QuartzCore.framework; sourceTree = SDKROOT; };
		EAC873A11D01BC4200021405 /* UIKit.framework */ = {isa = PBXFileReference; lastKnownFileType = wrapper.framework; name = UIKit.framework; path = System/Library/Frameworks/UIKit.framework; sourceTree = SDKROOT; };
		EAC873A31D01BC4700021405 /* Foundation.framework */ = {isa = PBXFileReference; lastKnownFileType = wrapper.framework; name = Foundation.framework; path = System/Library/Frameworks/Foundation.framework; sourceTree = SDKROOT; };
		EAD5ACBE1CF2A8E3001F89E8 /* DImageFilter.app */ = {isa = PBXFileReference; explicitFileType = wrapper.application; includeInIndex = 0; path = DImageFilter.app; sourceTree = BUILT_PRODUCTS_DIR; };
		EAD5ACC21CF2A8E3001F89E8 /* main.m */ = {isa = PBXFileReference; lastKnownFileType = sourcecode.c.objc; path = main.m; sourceTree = "<group>"; };
		EAD5ACC41CF2A8E3001F89E8 /* AppDelegate.h */ = {isa = PBXFileReference; lastKnownFileType = sourcecode.c.h; path = AppDelegate.h; sourceTree = "<group>"; };
		EAD5ACC51CF2A8E3001F89E8 /* AppDelegate.m */ = {isa = PBXFileReference; lastKnownFileType = sourcecode.c.objc; path = AppDelegate.m; sourceTree = "<group>"; };
		EAD5ACC71CF2A8E3001F89E8 /* ViewController.h */ = {isa = PBXFileReference; lastKnownFileType = sourcecode.c.h; path = ViewController.h; sourceTree = "<group>"; };
		EAD5ACC81CF2A8E3001F89E8 /* ViewController.m */ = {isa = PBXFileReference; lastKnownFileType = sourcecode.c.objc; path = ViewController.m; sourceTree = "<group>"; };
		EAD5ACCB1CF2A8E3001F89E8 /* Base */ = {isa = PBXFileReference; lastKnownFileType = file.storyboard; name = Base; path = Base.lproj/Main.storyboard; sourceTree = "<group>"; };
		EAD5ACCD1CF2A8E3001F89E8 /* Assets.xcassets */ = {isa = PBXFileReference; lastKnownFileType = folder.assetcatalog; path = Assets.xcassets; sourceTree = "<group>"; };
		EAD5ACD01CF2A8E3001F89E8 /* Base */ = {isa = PBXFileReference; lastKnownFileType = file.storyboard; name = Base; path = Base.lproj/LaunchScreen.storyboard; sourceTree = "<group>"; };
		EAD5ACD21CF2A8E3001F89E8 /* Info.plist */ = {isa = PBXFileReference; lastKnownFileType = text.plist.xml; path = Info.plist; sourceTree = "<group>"; };
		EAD5ACD71CF2A8E3001F89E8 /* DImageFilterTests.xctest */ = {isa = PBXFileReference; explicitFileType = wrapper.cfbundle; includeInIndex = 0; path = DImageFilterTests.xctest; sourceTree = BUILT_PRODUCTS_DIR; };
		EAD5ACDB1CF2A8E3001F89E8 /* DImageFilterTests.m */ = {isa = PBXFileReference; lastKnownFileType = sourcecode.c.objc; path = DImageFilterTests.m; sourceTree = "<group>"; };
		EAD5ACDD1CF2A8E3001F89E8 /* Info.plist */ = {isa = PBXFileReference; lastKnownFileType = text.plist.xml; path = Info.plist; sourceTree = "<group>"; };
		EAD5AD041CF2AC56001F89E8 /* lena.jpg */ = {isa = PBXFileReference; lastKnownFileType = image.jpeg; path = lena.jpg; sourceTree = "<group>"; };
		EAD5AD061CF2ACAC001F89E8 /* GLDemoListVC.h */ = {isa = PBXFileReference; fileEncoding = 4; lastKnownFileType = sourcecode.c.h; path = GLDemoListVC.h; sourceTree = "<group>"; };
		EAD5AD071CF2ACAC001F89E8 /* GLDemoListVC.m */ = {isa = PBXFileReference; fileEncoding = 4; lastKnownFileType = sourcecode.c.objc; path = GLDemoListVC.m; sourceTree = "<group>"; };
		EAD5AD101CF2D45D001F89E8 /* MASCompositeConstraint.h */ = {isa = PBXFileReference; fileEncoding = 4; lastKnownFileType = sourcecode.c.h; path = MASCompositeConstraint.h; sourceTree = "<group>"; };
		EAD5AD111CF2D45D001F89E8 /* MASCompositeConstraint.m */ = {isa = PBXFileReference; fileEncoding = 4; lastKnownFileType = sourcecode.c.objc; path = MASCompositeConstraint.m; sourceTree = "<group>"; };
		EAD5AD121CF2D45D001F89E8 /* MASConstraint+Private.h */ = {isa = PBXFileReference; fileEncoding = 4; lastKnownFileType = sourcecode.c.h; path = "MASConstraint+Private.h"; sourceTree = "<group>"; };
		EAD5AD131CF2D45D001F89E8 /* MASConstraint.h */ = {isa = PBXFileReference; fileEncoding = 4; lastKnownFileType = sourcecode.c.h; path = MASConstraint.h; sourceTree = "<group>"; };
		EAD5AD141CF2D45D001F89E8 /* MASConstraint.m */ = {isa = PBXFileReference; fileEncoding = 4; lastKnownFileType = sourcecode.c.objc; path = MASConstraint.m; sourceTree = "<group>"; };
		EAD5AD151CF2D45D001F89E8 /* MASConstraintMaker.h */ = {isa = PBXFileReference; fileEncoding = 4; lastKnownFileType = sourcecode.c.h; path = MASConstraintMaker.h; sourceTree = "<group>"; };
		EAD5AD161CF2D45D001F89E8 /* MASConstraintMaker.m */ = {isa = PBXFileReference; fileEncoding = 4; lastKnownFileType = sourcecode.c.objc; path = MASConstraintMaker.m; sourceTree = "<group>"; };
		EAD5AD171CF2D45D001F89E8 /* MASLayoutConstraint.h */ = {isa = PBXFileReference; fileEncoding = 4; lastKnownFileType = sourcecode.c.h; path = MASLayoutConstraint.h; sourceTree = "<group>"; };
		EAD5AD181CF2D45D001F89E8 /* MASLayoutConstraint.m */ = {isa = PBXFileReference; fileEncoding = 4; lastKnownFileType = sourcecode.c.objc; path = MASLayoutConstraint.m; sourceTree = "<group>"; };
		EAD5AD191CF2D45D001F89E8 /* Masonry.h */ = {isa = PBXFileReference; fileEncoding = 4; lastKnownFileType = sourcecode.c.h; path = Masonry.h; sourceTree = "<group>"; };
		EAD5AD1A1CF2D45D001F89E8 /* MASUtilities.h */ = {isa = PBXFileReference; fileEncoding = 4; lastKnownFileType = sourcecode.c.h; path = MASUtilities.h; sourceTree = "<group>"; };
		EAD5AD1B1CF2D45D001F89E8 /* MASViewAttribute.h */ = {isa = PBXFileReference; fileEncoding = 4; lastKnownFileType = sourcecode.c.h; path = MASViewAttribute.h; sourceTree = "<group>"; };
		EAD5AD1C1CF2D45D001F89E8 /* MASViewAttribute.m */ = {isa = PBXFileReference; fileEncoding = 4; lastKnownFileType = sourcecode.c.objc; path = MASViewAttribute.m; sourceTree = "<group>"; };
		EAD5AD1D1CF2D45D001F89E8 /* MASViewConstraint.h */ = {isa = PBXFileReference; fileEncoding = 4; lastKnownFileType = sourcecode.c.h; path = MASViewConstraint.h; sourceTree = "<group>"; };
		EAD5AD1E1CF2D45D001F89E8 /* MASViewConstraint.m */ = {isa = PBXFileReference; fileEncoding = 4; lastKnownFileType = sourcecode.c.objc; path = MASViewConstraint.m; sourceTree = "<group>"; };
		EAD5AD1F1CF2D45D001F89E8 /* NSArray+MASAdditions.h */ = {isa = PBXFileReference; fileEncoding = 4; lastKnownFileType = sourcecode.c.h; path = "NSArray+MASAdditions.h"; sourceTree = "<group>"; };
		EAD5AD201CF2D45D001F89E8 /* NSArray+MASAdditions.m */ = {isa = PBXFileReference; fileEncoding = 4; lastKnownFileType = sourcecode.c.objc; path = "NSArray+MASAdditions.m"; sourceTree = "<group>"; };
		EAD5AD211CF2D45D001F89E8 /* NSArray+MASShorthandAdditions.h */ = {isa = PBXFileReference; fileEncoding = 4; lastKnownFileType = sourcecode.c.h; path = "NSArray+MASShorthandAdditions.h"; sourceTree = "<group>"; };
		EAD5AD221CF2D45D001F89E8 /* NSLayoutConstraint+MASDebugAdditions.h */ = {isa = PBXFileReference; fileEncoding = 4; lastKnownFileType = sourcecode.c.h; path = "NSLayoutConstraint+MASDebugAdditions.h"; sourceTree = "<group>"; };
		EAD5AD231CF2D45D001F89E8 /* NSLayoutConstraint+MASDebugAdditions.m */ = {isa = PBXFileReference; fileEncoding = 4; lastKnownFileType = sourcecode.c.objc; path = "NSLayoutConstraint+MASDebugAdditions.m"; sourceTree = "<group>"; };
		EAD5AD241CF2D45D001F89E8 /* View+MASAdditions.h */ = {isa = PBXFileReference; fileEncoding = 4; lastKnownFileType = sourcecode.c.h; path = "View+MASAdditions.h"; sourceTree = "<group>"; };
		EAD5AD251CF2D45D001F89E8 /* View+MASAdditions.m */ = {isa = PBXFileReference; fileEncoding = 4; lastKnownFileType = sourcecode.c.objc; path = "View+MASAdditions.m"; sourceTree = "<group>"; };
		EAD5AD261CF2D45D001F89E8 /* View+MASShorthandAdditions.h */ = {isa = PBXFileReference; fileEncoding = 4; lastKnownFileType = sourcecode.c.h; path = "View+MASShorthandAdditions.h"; sourceTree = "<group>"; };
		EAD5AD271CF2D45D001F89E8 /* ViewController+MASAdditions.h */ = {isa = PBXFileReference; fileEncoding = 4; lastKnownFileType = sourcecode.c.h; path = "ViewController+MASAdditions.h"; sourceTree = "<group>"; };
		EAD5AD281CF2D45D001F89E8 /* ViewController+MASAdditions.m */ = {isa = PBXFileReference; fileEncoding = 4; lastKnownFileType = sourcecode.c.objc; path = "ViewController+MASAdditions.m"; sourceTree = "<group>"; };
		EAD5AD351CF2EC67001F89E8 /* GLShowVC.h */ = {isa = PBXFileReference; fileEncoding = 4; lastKnownFileType = sourcecode.c.h; path = GLShowVC.h; sourceTree = "<group>"; };
		EAD5AD361CF2EC67001F89E8 /* GLShowVC.mm */ = {isa = PBXFileReference; fileEncoding = 4; lastKnownFileType = sourcecode.cpp.objcpp; path = GLShowVC.mm; sourceTree = "<group>"; };
		EAD5AD371CF2EC67001F89E8 /* GLShowVC.xib */ = {isa = PBXFileReference; fileEncoding = 4; lastKnownFileType = file.xib; path = GLShowVC.xib; sourceTree = "<group>"; };
		EAD5AD3C1CF43DC5001F89E8 /* GLMorphologyVC.h */ = {isa = PBXFileReference; fileEncoding = 4; lastKnownFileType = sourcecode.c.h; path = GLMorphologyVC.h; sourceTree = "<group>"; };
		EAD5AD3D1CF43DC5001F89E8 /* GLMorphologyVC.mm */ = {isa = PBXFileReference; fileEncoding = 4; lastKnownFileType = sourcecode.cpp.objcpp; path = GLMorphologyVC.mm; sourceTree = "<group>"; };
		EAD5AD3E1CF43DC5001F89E8 /* GLMorphologyVC.xib */ = {isa = PBXFileReference; fileEncoding = 4; lastKnownFileType = file.xib; path = GLMorphologyVC.xib; sourceTree = "<group>"; };
		EAD5AD981CF698D1001F89E8 /* UIImage+FaceRecognizer.h */ = {isa = PBXFileReference; fileEncoding = 4; lastKnownFileType = sourcecode.c.h; path = "UIImage+FaceRecognizer.h"; sourceTree = "<group>"; };
		EAD5AD991CF698D1001F89E8 /* UIImage+FaceRecognizer.mm */ = {isa = PBXFileReference; fileEncoding = 4; lastKnownFileType = sourcecode.cpp.objcpp; path = "UIImage+FaceRecognizer.mm"; sourceTree = "<group>"; };
		EADFAA7A1CFC1DAB007F9307 /* haarcascade_eye_tree_eyeglasses.xml */ = {isa = PBXFileReference; fileEncoding = 4; lastKnownFileType = text.xml; path = haarcascade_eye_tree_eyeglasses.xml; sourceTree = "<group>"; };
		EADFAA7B1CFC1DAB007F9307 /* haarcascade_frontalface_alt.xml */ = {isa = PBXFileReference; fileEncoding = 4; lastKnownFileType = text.xml; path = haarcascade_frontalface_alt.xml; sourceTree = "<group>"; };
		EADFAA7C1CFC1DAB007F9307 /* haarcascade_frontalface_alt2.xml */ = {isa = PBXFileReference; fileEncoding = 4; lastKnownFileType = text.xml; path = haarcascade_frontalface_alt2.xml; sourceTree = "<group>"; };
		EADFAA801CFC22F9007F9307 /* circle.jpg */ = {isa = PBXFileReference; lastKnownFileType = image.jpeg; path = circle.jpg; sourceTree = "<group>"; };
		EADFAA821CFD65FA007F9307 /* GLConventViewController.h */ = {isa = PBXFileReference; fileEncoding = 4; lastKnownFileType = sourcecode.c.h; path = GLConventViewController.h; sourceTree = "<group>"; };
		EADFAA831CFD65FA007F9307 /* GLConventViewController.mm */ = {isa = PBXFileReference; fileEncoding = 4; lastKnownFileType = sourcecode.cpp.objcpp; path = GLConventViewController.mm; sourceTree = "<group>"; };
		EADFAA841CFD65FA007F9307 /* GLConventViewController.xib */ = {isa = PBXFileReference; fileEncoding = 4; lastKnownFileType = file.xib; path = GLConventViewController.xib; sourceTree = "<group>"; };
		EAFADD551CFEAF1B005541B4 /* glasses.png */ = {isa = PBXFileReference; lastKnownFileType = image.png; path = glasses.png; sourceTree = "<group>"; };
		EAFADD561CFEAF1B005541B4 /* mustache.png */ = {isa = PBXFileReference; lastKnownFileType = image.png; path = mustache.png; sourceTree = "<group>"; };
		EAFADD591CFEAF36005541B4 /* haarcascade_mcs_mouth.xml */ = {isa = PBXFileReference; fileEncoding = 4; lastKnownFileType = text.xml; path = haarcascade_mcs_mouth.xml; sourceTree = "<group>"; };
		EAFADD5B1CFEAF3E005541B4 /* haarcascade_mcs_eyepair_big.xml */ = {isa = PBXFileReference; fileEncoding = 4; lastKnownFileType = text.xml; path = haarcascade_mcs_eyepair_big.xml; sourceTree = "<group>"; };
		FE3DCF271D09591100A8C41F /* GLMainTableVC.h */ = {isa = PBXFileReference; fileEncoding = 4; lastKnownFileType = sourcecode.c.h; path = GLMainTableVC.h; sourceTree = "<group>"; };
		FE3DCF281D09591100A8C41F /* GLMainTableVC.m */ = {isa = PBXFileReference; fileEncoding = 4; lastKnownFileType = sourcecode.c.objc; path = GLMainTableVC.m; sourceTree = "<group>"; };
		FE51A7C41D093711000AF574 /* GLImageOperate.h */ = {isa = PBXFileReference; fileEncoding = 4; lastKnownFileType = sourcecode.c.h; path = GLImageOperate.h; sourceTree = "<group>"; };
		FE51A7C51D093711000AF574 /* GLImageOperate.mm */ = {isa = PBXFileReference; fileEncoding = 4; lastKnownFileType = sourcecode.cpp.objcpp; path = GLImageOperate.mm; sourceTree = "<group>"; };
/* End PBXFileReference section */

/* Begin PBXFrameworksBuildPhase section */
		EAD5ACBB1CF2A8E3001F89E8 /* Frameworks */ = {
			isa = PBXFrameworksBuildPhase;
			buildActionMask = 2147483647;
			files = (
				EAC873A41D01BC4700021405 /* Foundation.framework in Frameworks */,
				EAC873A21D01BC4200021405 /* UIKit.framework in Frameworks */,
				EAC873A01D01BC3B00021405 /* QuartzCore.framework in Frameworks */,
				EAC8739E1D01BC3400021405 /* CoreVideo.framework in Frameworks */,
				EAC8739C1D01BC2900021405 /* CoreMedia.framework in Frameworks */,
				EAC8739A1D01BC2200021405 /* CoreImage.framework in Frameworks */,
				EAC873981D01BC1600021405 /* CoreGraphics.framework in Frameworks */,
				EAC873961D01BC0B00021405 /* AVFoundation.framework in Frameworks */,
				EAC873941D01BC0300021405 /* AssetsLibrary.framework in Frameworks */,
				EAC873921D01BBFB00021405 /* Accelerate.framework in Frameworks */,
				EA380D7E1D0599BE00478A41 /* opencv2.framework in Frameworks */,
			);
			runOnlyForDeploymentPostprocessing = 0;
		};
		EAD5ACD41CF2A8E3001F89E8 /* Frameworks */ = {
			isa = PBXFrameworksBuildPhase;
			buildActionMask = 2147483647;
			files = (
			);
			runOnlyForDeploymentPostprocessing = 0;
		};
/* End PBXFrameworksBuildPhase section */

/* Begin PBXGroup section */
		EAD5ACB51CF2A8E3001F89E8 = {
			isa = PBXGroup;
			children = (
				EAD5ACC01CF2A8E3001F89E8 /* DImageFilter */,
				EAD5ACDA1CF2A8E3001F89E8 /* DImageFilterTests */,
				EAD5ACBF1CF2A8E3001F89E8 /* Products */,
			);
			sourceTree = "<group>";
		};
		EAD5ACBF1CF2A8E3001F89E8 /* Products */ = {
			isa = PBXGroup;
			children = (
				EAD5ACBE1CF2A8E3001F89E8 /* DImageFilter.app */,
				EAD5ACD71CF2A8E3001F89E8 /* DImageFilterTests.xctest */,
			);
			name = Products;
			sourceTree = "<group>";
		};
		EAD5ACC01CF2A8E3001F89E8 /* DImageFilter */ = {
			isa = PBXGroup;
			children = (
				EAD5ACE61CF2A951001F89E8 /* Class */,
				EAD5ACF31CF2A951001F89E8 /* Resource */,
				EAD5ACC41CF2A8E3001F89E8 /* AppDelegate.h */,
				EAD5ACC51CF2A8E3001F89E8 /* AppDelegate.m */,
				EAD5ACC71CF2A8E3001F89E8 /* ViewController.h */,
				EAD5ACC81CF2A8E3001F89E8 /* ViewController.m */,
				EAD5ACCA1CF2A8E3001F89E8 /* Main.storyboard */,
				EAD5ACCD1CF2A8E3001F89E8 /* Assets.xcassets */,
				EAD5ACCF1CF2A8E3001F89E8 /* LaunchScreen.storyboard */,
				EAD5ACD21CF2A8E3001F89E8 /* Info.plist */,
				EAD5ACC11CF2A8E3001F89E8 /* Supporting Files */,
			);
			path = DImageFilter;
			sourceTree = "<group>";
		};
		EAD5ACC11CF2A8E3001F89E8 /* Supporting Files */ = {
			isa = PBXGroup;
			children = (
				EAD5ACC21CF2A8E3001F89E8 /* main.m */,
			);
			name = "Supporting Files";
			sourceTree = "<group>";
		};
		EAD5ACDA1CF2A8E3001F89E8 /* DImageFilterTests */ = {
			isa = PBXGroup;
			children = (
				EAD5ACDB1CF2A8E3001F89E8 /* DImageFilterTests.m */,
				EAD5ACDD1CF2A8E3001F89E8 /* Info.plist */,
			);
			path = DImageFilterTests;
			sourceTree = "<group>";
		};
		EAD5ACE61CF2A951001F89E8 /* Class */ = {
			isa = PBXGroup;
			children = (
				EAD5ACE71CF2A951001F89E8 /* extension */,
				EAD5ACE81CF2A951001F89E8 /* ThirdLib */,
				EAD5ACEE1CF2A951001F89E8 /* ViewCotroller */,
			);
			path = Class;
			sourceTree = "<group>";
		};
		EAD5ACE71CF2A951001F89E8 /* extension */ = {
			isa = PBXGroup;
			children = (
				EAD5AD8D1CF59E5B001F89E8 /* Recognizer */,
				EAD5ACFC1CF2A9D8001F89E8 /* Image */,
				FE51A7C41D093711000AF574 /* GLImageOperate.h */,
				FE51A7C51D093711000AF574 /* GLImageOperate.mm */,
			);
			path = extension;
			sourceTree = "<group>";
		};
		EAD5ACE81CF2A951001F89E8 /* ThirdLib */ = {
			isa = PBXGroup;
			children = (
				EAD5AD0F1CF2D45D001F89E8 /* Masonry */,
			);
			path = ThirdLib;
			sourceTree = "<group>";
		};
		EAD5ACEE1CF2A951001F89E8 /* ViewCotroller */ = {
			isa = PBXGroup;
			children = (
				FE3DCF261D0958E800A8C41F /* MainView */,
				EAD5ACF11CF2A951001F89E8 /* MenuView */,
				EAD5AD061CF2ACAC001F89E8 /* GLDemoListVC.h */,
				EAD5AD071CF2ACAC001F89E8 /* GLDemoListVC.m */,
				EAD5AD351CF2EC67001F89E8 /* GLShowVC.h */,
				EAD5AD361CF2EC67001F89E8 /* GLShowVC.mm */,
				EAD5AD371CF2EC67001F89E8 /* GLShowVC.xib */,
				EAD5AD3C1CF43DC5001F89E8 /* GLMorphologyVC.h */,
				EAD5AD3D1CF43DC5001F89E8 /* GLMorphologyVC.mm */,
				EAD5AD3E1CF43DC5001F89E8 /* GLMorphologyVC.xib */,
				EADFAA821CFD65FA007F9307 /* GLConventViewController.h */,
				EADFAA831CFD65FA007F9307 /* GLConventViewController.mm */,
				EADFAA841CFD65FA007F9307 /* GLConventViewController.xib */,
			);
			path = ViewCotroller;
			sourceTree = "<group>";
		};
		EAD5ACF11CF2A951001F89E8 /* MenuView */ = {
			isa = PBXGroup;
			children = (
			);
			path = MenuView;
			sourceTree = "<group>";
		};
		EAD5ACF31CF2A951001F89E8 /* Resource */ = {
			isa = PBXGroup;
			children = (
				EAD5AD031CF2AC56001F89E8 /* Images */,
				EAD5ACF41CF2A951001F89E8 /* Framework */,
			);
			path = Resource;
			sourceTree = "<group>";
		};
		EAD5ACF41CF2A951001F89E8 /* Framework */ = {
			isa = PBXGroup;
			children = (
				EA380D7D1D0599BE00478A41 /* opencv2.framework */,
				EAC873A31D01BC4700021405 /* Foundation.framework */,
				EAC873A11D01BC4200021405 /* UIKit.framework */,
				EAC8739F1D01BC3B00021405 /* QuartzCore.framework */,
				EAC8739D1D01BC3400021405 /* CoreVideo.framework */,
				EAC8739B1D01BC2900021405 /* CoreMedia.framework */,
				EAC873991D01BC2200021405 /* CoreImage.framework */,
				EAC873971D01BC1600021405 /* CoreGraphics.framework */,
				EAC873951D01BC0B00021405 /* AVFoundation.framework */,
				EAC873931D01BC0300021405 /* AssetsLibrary.framework */,
				EAC873911D01BBFB00021405 /* Accelerate.framework */,
			);
			path = Framework;
			sourceTree = "<group>";
		};
		EAD5ACFC1CF2A9D8001F89E8 /* Image */ = {
			isa = PBXGroup;
			children = (
				EA1F2FFB1D040A87002EE4D4 /* UIImage+OpenCV.h */,
				EA1F2FEF1D0408D2002EE4D4 /* UIImage+Smoothing.h */,
				EA1F2FF01D0408D2002EE4D4 /* UIImage+Smoothing.mm */,
				EA1F2FF21D040923002EE4D4 /* UIImage+MatOperate.h */,
				EA1F2FF31D040923002EE4D4 /* UIImage+MatOperate.mm */,
				EA1F2FF51D0409AB002EE4D4 /* UIImage+Morphology.h */,
				EA1F2FF61D0409AB002EE4D4 /* UIImage+Morphology.mm */,
				EA1F2FF81D040A34002EE4D4 /* UIImage+Threshold.h */,
				EA1F2FF91D040A34002EE4D4 /* UIImage+Threshold.mm */,
			);
			path = Image;
			sourceTree = "<group>";
		};
		EAD5AD031CF2AC56001F89E8 /* Images */ = {
			isa = PBXGroup;
			children = (
				EA380D7B1D0588DB00478A41 /* Histogram_Equalization.jpg */,
				EA380D791D05622900478A41 /* great.jpg */,
				EA1F2FEA1D04016D002EE4D4 /* jhtx.jpg */,
				EAFADD551CFEAF1B005541B4 /* glasses.png */,
				EAFADD561CFEAF1B005541B4 /* mustache.png */,
				EADFAA801CFC22F9007F9307 /* circle.jpg */,
				EAD5AD041CF2AC56001F89E8 /* lena.jpg */,
			);
			path = Images;
			sourceTree = "<group>";
		};
		EAD5AD0F1CF2D45D001F89E8 /* Masonry */ = {
			isa = PBXGroup;
			children = (
				EAD5AD101CF2D45D001F89E8 /* MASCompositeConstraint.h */,
				EAD5AD111CF2D45D001F89E8 /* MASCompositeConstraint.m */,
				EAD5AD121CF2D45D001F89E8 /* MASConstraint+Private.h */,
				EAD5AD131CF2D45D001F89E8 /* MASConstraint.h */,
				EAD5AD141CF2D45D001F89E8 /* MASConstraint.m */,
				EAD5AD151CF2D45D001F89E8 /* MASConstraintMaker.h */,
				EAD5AD161CF2D45D001F89E8 /* MASConstraintMaker.m */,
				EAD5AD171CF2D45D001F89E8 /* MASLayoutConstraint.h */,
				EAD5AD181CF2D45D001F89E8 /* MASLayoutConstraint.m */,
				EAD5AD191CF2D45D001F89E8 /* Masonry.h */,
				EAD5AD1A1CF2D45D001F89E8 /* MASUtilities.h */,
				EAD5AD1B1CF2D45D001F89E8 /* MASViewAttribute.h */,
				EAD5AD1C1CF2D45D001F89E8 /* MASViewAttribute.m */,
				EAD5AD1D1CF2D45D001F89E8 /* MASViewConstraint.h */,
				EAD5AD1E1CF2D45D001F89E8 /* MASViewConstraint.m */,
				EAD5AD1F1CF2D45D001F89E8 /* NSArray+MASAdditions.h */,
				EAD5AD201CF2D45D001F89E8 /* NSArray+MASAdditions.m */,
				EAD5AD211CF2D45D001F89E8 /* NSArray+MASShorthandAdditions.h */,
				EAD5AD221CF2D45D001F89E8 /* NSLayoutConstraint+MASDebugAdditions.h */,
				EAD5AD231CF2D45D001F89E8 /* NSLayoutConstraint+MASDebugAdditions.m */,
				EAD5AD241CF2D45D001F89E8 /* View+MASAdditions.h */,
				EAD5AD251CF2D45D001F89E8 /* View+MASAdditions.m */,
				EAD5AD261CF2D45D001F89E8 /* View+MASShorthandAdditions.h */,
				EAD5AD271CF2D45D001F89E8 /* ViewController+MASAdditions.h */,
				EAD5AD281CF2D45D001F89E8 /* ViewController+MASAdditions.m */,
			);
			path = Masonry;
			sourceTree = "<group>";
		};
		EAD5AD8D1CF59E5B001F89E8 /* Recognizer */ = {
			isa = PBXGroup;
			children = (
				EA380D831D069E3A00478A41 /* GLFaceAnimator.h */,
				EA380D841D069E3A00478A41 /* GLFaceAnimator.mm */,
				EA1F2FE41D01DEED002EE4D4 /* GLFaceDetector.h */,
				EA1F2FE51D01DEED002EE4D4 /* GLFaceDetector.mm */,
				EA1F2FE61D01DEED002EE4D4 /* GLFaceRecognizer.h */,
				EA1F2FE71D01DEED002EE4D4 /* GLFaceRecognizer.mm */,
				EAFADD5B1CFEAF3E005541B4 /* haarcascade_mcs_eyepair_big.xml */,
				EAFADD591CFEAF36005541B4 /* haarcascade_mcs_mouth.xml */,
				EADFAA7A1CFC1DAB007F9307 /* haarcascade_eye_tree_eyeglasses.xml */,
				EADFAA7B1CFC1DAB007F9307 /* haarcascade_frontalface_alt.xml */,
				EADFAA7C1CFC1DAB007F9307 /* haarcascade_frontalface_alt2.xml */,
				EAD5AD981CF698D1001F89E8 /* UIImage+FaceRecognizer.h */,
				EAD5AD991CF698D1001F89E8 /* UIImage+FaceRecognizer.mm */,
			);
			path = Recognizer;
			sourceTree = "<group>";
		};
		FE3DCF261D0958E800A8C41F /* MainView */ = {
			isa = PBXGroup;
			children = (
				FE3DCF271D09591100A8C41F /* GLMainTableVC.h */,
				FE3DCF281D09591100A8C41F /* GLMainTableVC.m */,
			);
			path = MainView;
			sourceTree = "<group>";
		};
/* End PBXGroup section */

/* Begin PBXNativeTarget section */
		EAD5ACBD1CF2A8E3001F89E8 /* DImageFilter */ = {
			isa = PBXNativeTarget;
			buildConfigurationList = EAD5ACE01CF2A8E3001F89E8 /* Build configuration list for PBXNativeTarget "DImageFilter" */;
			buildPhases = (
				EAD5ACBA1CF2A8E3001F89E8 /* Sources */,
				EAD5ACBB1CF2A8E3001F89E8 /* Frameworks */,
				EAD5ACBC1CF2A8E3001F89E8 /* Resources */,
			);
			buildRules = (
			);
			dependencies = (
			);
			name = DImageFilter;
			productName = DImageFilter;
			productReference = EAD5ACBE1CF2A8E3001F89E8 /* DImageFilter.app */;
			productType = "com.apple.product-type.application";
		};
		EAD5ACD61CF2A8E3001F89E8 /* DImageFilterTests */ = {
			isa = PBXNativeTarget;
			buildConfigurationList = EAD5ACE31CF2A8E3001F89E8 /* Build configuration list for PBXNativeTarget "DImageFilterTests" */;
			buildPhases = (
				EAD5ACD31CF2A8E3001F89E8 /* Sources */,
				EAD5ACD41CF2A8E3001F89E8 /* Frameworks */,
				EAD5ACD51CF2A8E3001F89E8 /* Resources */,
			);
			buildRules = (
			);
			dependencies = (
				EAD5ACD91CF2A8E3001F89E8 /* PBXTargetDependency */,
			);
			name = DImageFilterTests;
			productName = DImageFilterTests;
			productReference = EAD5ACD71CF2A8E3001F89E8 /* DImageFilterTests.xctest */;
			productType = "com.apple.product-type.bundle.unit-test";
		};
/* End PBXNativeTarget section */

/* Begin PBXProject section */
		EAD5ACB61CF2A8E3001F89E8 /* Project object */ = {
			isa = PBXProject;
			attributes = {
				LastUpgradeCheck = 0720;
				ORGANIZATIONNAME = sjtu;
				TargetAttributes = {
					EAD5ACBD1CF2A8E3001F89E8 = {
						CreatedOnToolsVersion = 7.2;
					};
					EAD5ACD61CF2A8E3001F89E8 = {
						CreatedOnToolsVersion = 7.2;
						TestTargetID = EAD5ACBD1CF2A8E3001F89E8;
					};
				};
			};
			buildConfigurationList = EAD5ACB91CF2A8E3001F89E8 /* Build configuration list for PBXProject "DImageFilter" */;
			compatibilityVersion = "Xcode 3.2";
			developmentRegion = English;
			hasScannedForEncodings = 0;
			knownRegions = (
				en,
				Base,
			);
			mainGroup = EAD5ACB51CF2A8E3001F89E8;
			productRefGroup = EAD5ACBF1CF2A8E3001F89E8 /* Products */;
			projectDirPath = "";
			projectRoot = "";
			targets = (
				EAD5ACBD1CF2A8E3001F89E8 /* DImageFilter */,
				EAD5ACD61CF2A8E3001F89E8 /* DImageFilterTests */,
			);
		};
/* End PBXProject section */

/* Begin PBXResourcesBuildPhase section */
		EAD5ACBC1CF2A8E3001F89E8 /* Resources */ = {
			isa = PBXResourcesBuildPhase;
			buildActionMask = 2147483647;
			files = (
				EAFADD5A1CFEAF36005541B4 /* haarcascade_mcs_mouth.xml in Resources */,
				EA380D7A1D05622900478A41 /* great.jpg in Resources */,
				EADFAA861CFD65FA007F9307 /* GLConventViewController.xib in Resources */,
				EADFAA7E1CFC1DAB007F9307 /* haarcascade_frontalface_alt.xml in Resources */,
				EAD5AD391CF2EC67001F89E8 /* GLShowVC.xib in Resources */,
				EAD5AD401CF43DC5001F89E8 /* GLMorphologyVC.xib in Resources */,
				EA380D7C1D0588DB00478A41 /* Histogram_Equalization.jpg in Resources */,
				EA1F2FEB1D04016D002EE4D4 /* jhtx.jpg in Resources */,
				EAD5ACD11CF2A8E3001F89E8 /* LaunchScreen.storyboard in Resources */,
				EADFAA7F1CFC1DAB007F9307 /* haarcascade_frontalface_alt2.xml in Resources */,
				EAD5ACCE1CF2A8E3001F89E8 /* Assets.xcassets in Resources */,
				EAFADD581CFEAF1B005541B4 /* mustache.png in Resources */,
				EAFADD5C1CFEAF3E005541B4 /* haarcascade_mcs_eyepair_big.xml in Resources */,
				EADFAA7D1CFC1DAB007F9307 /* haarcascade_eye_tree_eyeglasses.xml in Resources */,
				EAFADD571CFEAF1B005541B4 /* glasses.png in Resources */,
				EADFAA811CFC22F9007F9307 /* circle.jpg in Resources */,
				EAD5ACCC1CF2A8E3001F89E8 /* Main.storyboard in Resources */,
				EAD5AD051CF2AC56001F89E8 /* lena.jpg in Resources */,
			);
			runOnlyForDeploymentPostprocessing = 0;
		};
		EAD5ACD51CF2A8E3001F89E8 /* Resources */ = {
			isa = PBXResourcesBuildPhase;
			buildActionMask = 2147483647;
			files = (
			);
			runOnlyForDeploymentPostprocessing = 0;
		};
/* End PBXResourcesBuildPhase section */

/* Begin PBXSourcesBuildPhase section */
		EAD5ACBA1CF2A8E3001F89E8 /* Sources */ = {
			isa = PBXSourcesBuildPhase;
			buildActionMask = 2147483647;
			files = (
				EAD5AD381CF2EC67001F89E8 /* GLShowVC.mm in Sources */,
				EAD5AD2F1CF2D45D001F89E8 /* NSArray+MASAdditions.m in Sources */,
				EAD5AD9A1CF698D1001F89E8 /* UIImage+FaceRecognizer.mm in Sources */,
				EA380D851D069E3A00478A41 /* GLFaceAnimator.mm in Sources */,
				EAD5AD2E1CF2D45D001F89E8 /* MASViewConstraint.m in Sources */,
				EAD5ACC91CF2A8E3001F89E8 /* ViewController.m in Sources */,
				EAD5AD2B1CF2D45D001F89E8 /* MASConstraintMaker.m in Sources */,
				EAD5AD311CF2D45D001F89E8 /* View+MASAdditions.m in Sources */,
				FE3DCF291D09591100A8C41F /* GLMainTableVC.m in Sources */,
				EAD5AD2A1CF2D45D001F89E8 /* MASConstraint.m in Sources */,
				EAD5ACC61CF2A8E3001F89E8 /* AppDelegate.m in Sources */,
				FE51A7C61D093711000AF574 /* GLImageOperate.mm in Sources */,
				EAD5AD2D1CF2D45D001F89E8 /* MASViewAttribute.m in Sources */,
				EAD5AD301CF2D45D001F89E8 /* NSLayoutConstraint+MASDebugAdditions.m in Sources */,
				EAD5AD3F1CF43DC5001F89E8 /* GLMorphologyVC.mm in Sources */,
				EAD5AD291CF2D45D001F89E8 /* MASCompositeConstraint.m in Sources */,
				EA1F2FE91D01DEED002EE4D4 /* GLFaceRecognizer.mm in Sources */,
				EA1F2FE81D01DEED002EE4D4 /* GLFaceDetector.mm in Sources */,
				EAD5AD2C1CF2D45D001F89E8 /* MASLayoutConstraint.m in Sources */,
				EA1F2FF41D040923002EE4D4 /* UIImage+MatOperate.mm in Sources */,
				EA1F2FF11D0408D2002EE4D4 /* UIImage+Smoothing.mm in Sources */,
				EAD5AD081CF2ACAC001F89E8 /* GLDemoListVC.m in Sources */,
				EAD5AD321CF2D45D001F89E8 /* ViewController+MASAdditions.m in Sources */,
				EADFAA851CFD65FA007F9307 /* GLConventViewController.mm in Sources */,
				EA1F2FFA1D040A34002EE4D4 /* UIImage+Threshold.mm in Sources */,
				EAD5ACC31CF2A8E3001F89E8 /* main.m in Sources */,
				EA1F2FF71D0409AB002EE4D4 /* UIImage+Morphology.mm in Sources */,
			);
			runOnlyForDeploymentPostprocessing = 0;
		};
		EAD5ACD31CF2A8E3001F89E8 /* Sources */ = {
			isa = PBXSourcesBuildPhase;
			buildActionMask = 2147483647;
			files = (
				EAD5ACDC1CF2A8E3001F89E8 /* DImageFilterTests.m in Sources */,
			);
			runOnlyForDeploymentPostprocessing = 0;
		};
/* End PBXSourcesBuildPhase section */

/* Begin PBXTargetDependency section */
		EAD5ACD91CF2A8E3001F89E8 /* PBXTargetDependency */ = {
			isa = PBXTargetDependency;
			target = EAD5ACBD1CF2A8E3001F89E8 /* DImageFilter */;
			targetProxy = EAD5ACD81CF2A8E3001F89E8 /* PBXContainerItemProxy */;
		};
/* End PBXTargetDependency section */

/* Begin PBXVariantGroup section */
		EAD5ACCA1CF2A8E3001F89E8 /* Main.storyboard */ = {
			isa = PBXVariantGroup;
			children = (
				EAD5ACCB1CF2A8E3001F89E8 /* Base */,
			);
			name = Main.storyboard;
			sourceTree = "<group>";
		};
		EAD5ACCF1CF2A8E3001F89E8 /* LaunchScreen.storyboard */ = {
			isa = PBXVariantGroup;
			children = (
				EAD5ACD01CF2A8E3001F89E8 /* Base */,
			);
			name = LaunchScreen.storyboard;
			sourceTree = "<group>";
		};
/* End PBXVariantGroup section */

/* Begin XCBuildConfiguration section */
		EAD5ACDE1CF2A8E3001F89E8 /* Debug */ = {
			isa = XCBuildConfiguration;
			buildSettings = {
				ALWAYS_SEARCH_USER_PATHS = NO;
				CLANG_CXX_LANGUAGE_STANDARD = "gnu++0x";
				CLANG_CXX_LIBRARY = "libc++";
				CLANG_ENABLE_MODULES = YES;
				CLANG_ENABLE_OBJC_ARC = YES;
				CLANG_WARN_BOOL_CONVERSION = YES;
				CLANG_WARN_CONSTANT_CONVERSION = YES;
				CLANG_WARN_DIRECT_OBJC_ISA_USAGE = YES_ERROR;
				CLANG_WARN_EMPTY_BODY = YES;
				CLANG_WARN_ENUM_CONVERSION = YES;
				CLANG_WARN_INT_CONVERSION = YES;
				CLANG_WARN_OBJC_ROOT_CLASS = YES_ERROR;
				CLANG_WARN_UNREACHABLE_CODE = YES;
				CLANG_WARN__DUPLICATE_METHOD_MATCH = YES;
				"CODE_SIGN_IDENTITY[sdk=iphoneos*]" = "iPhone Developer";
				COPY_PHASE_STRIP = NO;
				DEBUG_INFORMATION_FORMAT = dwarf;
				ENABLE_STRICT_OBJC_MSGSEND = YES;
				ENABLE_TESTABILITY = YES;
				GCC_C_LANGUAGE_STANDARD = gnu99;
				GCC_DYNAMIC_NO_PIC = NO;
				GCC_NO_COMMON_BLOCKS = YES;
				GCC_OPTIMIZATION_LEVEL = 0;
				GCC_PREPROCESSOR_DEFINITIONS = (
					"DEBUG=1",
					"$(inherited)",
				);
				GCC_WARN_64_TO_32_BIT_CONVERSION = YES;
				GCC_WARN_ABOUT_RETURN_TYPE = YES_ERROR;
				GCC_WARN_UNDECLARED_SELECTOR = YES;
				GCC_WARN_UNINITIALIZED_AUTOS = YES_AGGRESSIVE;
				GCC_WARN_UNUSED_FUNCTION = YES;
				GCC_WARN_UNUSED_VARIABLE = YES;
				IPHONEOS_DEPLOYMENT_TARGET = 9.2;
				MTL_ENABLE_DEBUG_INFO = YES;
				ONLY_ACTIVE_ARCH = YES;
				SDKROOT = iphoneos;
			};
			name = Debug;
		};
		EAD5ACDF1CF2A8E3001F89E8 /* Release */ = {
			isa = XCBuildConfiguration;
			buildSettings = {
				ALWAYS_SEARCH_USER_PATHS = NO;
				CLANG_CXX_LANGUAGE_STANDARD = "gnu++0x";
				CLANG_CXX_LIBRARY = "libc++";
				CLANG_ENABLE_MODULES = YES;
				CLANG_ENABLE_OBJC_ARC = YES;
				CLANG_WARN_BOOL_CONVERSION = YES;
				CLANG_WARN_CONSTANT_CONVERSION = YES;
				CLANG_WARN_DIRECT_OBJC_ISA_USAGE = YES_ERROR;
				CLANG_WARN_EMPTY_BODY = YES;
				CLANG_WARN_ENUM_CONVERSION = YES;
				CLANG_WARN_INT_CONVERSION = YES;
				CLANG_WARN_OBJC_ROOT_CLASS = YES_ERROR;
				CLANG_WARN_UNREACHABLE_CODE = YES;
				CLANG_WARN__DUPLICATE_METHOD_MATCH = YES;
				"CODE_SIGN_IDENTITY[sdk=iphoneos*]" = "iPhone Developer";
				COPY_PHASE_STRIP = NO;
				DEBUG_INFORMATION_FORMAT = "dwarf-with-dsym";
				ENABLE_NS_ASSERTIONS = NO;
				ENABLE_STRICT_OBJC_MSGSEND = YES;
				GCC_C_LANGUAGE_STANDARD = gnu99;
				GCC_NO_COMMON_BLOCKS = YES;
				GCC_WARN_64_TO_32_BIT_CONVERSION = YES;
				GCC_WARN_ABOUT_RETURN_TYPE = YES_ERROR;
				GCC_WARN_UNDECLARED_SELECTOR = YES;
				GCC_WARN_UNINITIALIZED_AUTOS = YES_AGGRESSIVE;
				GCC_WARN_UNUSED_FUNCTION = YES;
				GCC_WARN_UNUSED_VARIABLE = YES;
				IPHONEOS_DEPLOYMENT_TARGET = 9.2;
				MTL_ENABLE_DEBUG_INFO = NO;
				SDKROOT = iphoneos;
				VALIDATE_PRODUCT = YES;
			};
			name = Release;
		};
		EAD5ACE11CF2A8E3001F89E8 /* Debug */ = {
			isa = XCBuildConfiguration;
			buildSettings = {
				ASSETCATALOG_COMPILER_APPICON_NAME = AppIcon;
				FRAMEWORK_SEARCH_PATHS = (
					"$(inherited)",
					"$(PROJECT_DIR)/DImageFilter/Resource/Framework",
				);
				INFOPLIST_FILE = DImageFilter/Info.plist;
				IPHONEOS_DEPLOYMENT_TARGET = 7.0;
				LD_RUNPATH_SEARCH_PATHS = "$(inherited) @executable_path/Frameworks";
				PRODUCT_BUNDLE_IDENTIFIER = com.sjtu.DImageFilter;
				PRODUCT_NAME = "$(TARGET_NAME)";
			};
			name = Debug;
		};
		EAD5ACE21CF2A8E3001F89E8 /* Release */ = {
			isa = XCBuildConfiguration;
			buildSettings = {
				ASSETCATALOG_COMPILER_APPICON_NAME = AppIcon;
				FRAMEWORK_SEARCH_PATHS = (
					"$(inherited)",
					"$(PROJECT_DIR)/DImageFilter/Resource/Framework",
				);
				INFOPLIST_FILE = DImageFilter/Info.plist;
				IPHONEOS_DEPLOYMENT_TARGET = 7.0;
				LD_RUNPATH_SEARCH_PATHS = "$(inherited) @executable_path/Frameworks";
				PRODUCT_BUNDLE_IDENTIFIER = com.sjtu.DImageFilter;
				PRODUCT_NAME = "$(TARGET_NAME)";
			};
			name = Release;
		};
		EAD5ACE41CF2A8E3001F89E8 /* Debug */ = {
			isa = XCBuildConfiguration;
			buildSettings = {
				BUNDLE_LOADER = "$(TEST_HOST)";
				INFOPLIST_FILE = DImageFilterTests/Info.plist;
				LD_RUNPATH_SEARCH_PATHS = "$(inherited) @executable_path/Frameworks @loader_path/Frameworks";
				PRODUCT_BUNDLE_IDENTIFIER = com.sjtu.DImageFilterTests;
				PRODUCT_NAME = "$(TARGET_NAME)";
				TEST_HOST = "$(BUILT_PRODUCTS_DIR)/DImageFilter.app/DImageFilter";
			};
			name = Debug;
		};
		EAD5ACE51CF2A8E3001F89E8 /* Release */ = {
			isa = XCBuildConfiguration;
			buildSettings = {
				BUNDLE_LOADER = "$(TEST_HOST)";
				INFOPLIST_FILE = DImageFilterTests/Info.plist;
				LD_RUNPATH_SEARCH_PATHS = "$(inherited) @executable_path/Frameworks @loader_path/Frameworks";
				PRODUCT_BUNDLE_IDENTIFIER = com.sjtu.DImageFilterTests;
				PRODUCT_NAME = "$(TARGET_NAME)";
				TEST_HOST = "$(BUILT_PRODUCTS_DIR)/DImageFilter.app/DImageFilter";
			};
			name = Release;
		};
/* End XCBuildConfiguration section */

/* Begin XCConfigurationList section */
		EAD5ACB91CF2A8E3001F89E8 /* Build configuration list for PBXProject "DImageFilter" */ = {
			isa = XCConfigurationList;
			buildConfigurations = (
				EAD5ACDE1CF2A8E3001F89E8 /* Debug */,
				EAD5ACDF1CF2A8E3001F89E8 /* Release */,
			);
			defaultConfigurationIsVisible = 0;
			defaultConfigurationName = Release;
		};
		EAD5ACE01CF2A8E3001F89E8 /* Build configuration list for PBXNativeTarget "DImageFilter" */ = {
			isa = XCConfigurationList;
			buildConfigurations = (
				EAD5ACE11CF2A8E3001F89E8 /* Debug */,
				EAD5ACE21CF2A8E3001F89E8 /* Release */,
			);
			defaultConfigurationIsVisible = 0;
			defaultConfigurationName = Release;
		};
		EAD5ACE31CF2A8E3001F89E8 /* Build configuration list for PBXNativeTarget "DImageFilterTests" */ = {
			isa = XCConfigurationList;
			buildConfigurations = (
				EAD5ACE41CF2A8E3001F89E8 /* Debug */,
				EAD5ACE51CF2A8E3001F89E8 /* Release */,
			);
			defaultConfigurationIsVisible = 0;
			defaultConfigurationName = Release;
		};
/* End XCConfigurationList section */
	};
	rootObject = EAD5ACB61CF2A8E3001F89E8 /* Project object */;
}
